
Microsoft Visual Studio Solution File, Format Version 12.00
# Visual Studio Version 17
VisualStudioVersion = 17.14.36221.1 d17.14
MinimumVisualStudioVersion = 10.0.40219.1
Project("{FAE04EC0-301F-11D3-BF4B-00C04F79EFBC}") = "bongocat", "bongocat\bongocat.csproj", "{FBF6BD40-3610-4F0D-8381-3B2818137AEA}"
EndProject
Global
	GlobalSection(SolutionConfigurationPlatforms) = preSolution
		Debug|Any CPU = Debug|Any CPU
		Release|Any CPU = Release|Any CPU
	EndGlobalSection
	GlobalSection(ProjectConfigurationPlatforms) = postSolution
		{FBF6BD40-3610-4F0D-8381-3B2818137AEA}.Debug|Any CPU.ActiveCfg = Debug|Any CPU
		{FBF6BD40-3610-4F0D-8381-3B2818137AEA}.Debug|Any CPU.Build.0 = Debug|Any CPU
		{FBF6BD40-3610-4F0D-8381-3B2818137AEA}.Release|Any CPU.ActiveCfg = Release|Any CPU
		{FBF6BD40-3610-4F0D-8381-3B2818137AEA}.Release|Any CPU.Build.0 = Release|Any CPU
	EndGlobalSection
	GlobalSection(SolutionProperties) = preSolution
		HideSolutionNode = FALSE
	EndGlobalSection
	GlobalSection(ExtensibilityGlobals) = postSolution
		SolutionGuid = {2EEA9C65-6094-422F-9D7C-8EEC914A5CEF}
	EndGlobalSection
EndGlobal
